
Microsoft Visual Studio Solution File, Format Version 10.00
# Visual Studio 2008
Project("{E24C65DC-7377-472B-9ABA-BC803B73C61A}") = "portfolio", "..\..\..\..\..\..\Programming\portfolio\", "{27997AA0-EC58-43E9-B5BF-624D5A079753}"
	ProjectSection(WebsiteProperties) = preProject
		TargetFramework = "2.0"
		Debug.AspNetCompiler.VirtualPath = "/portfolio"
		Debug.AspNetCompiler.PhysicalPath = "..\..\..\..\..\..\Programming\portfolio\"
		Debug.AspNetCompiler.TargetPath = "PrecompiledWeb\portfolio\"
		Debug.AspNetCompiler.Updateable = "true"
		Debug.AspNetCompiler.ForceOverwrite = "true"
		Debug.AspNetCompiler.FixedNames = "false"
		Debug.AspNetCompiler.Debug = "True"
		Release.AspNetCompiler.VirtualPath = "/portfolio"
		Release.AspNetCompiler.PhysicalPath = "..\..\..\..\..\..\Programming\portfolio\"
		Release.AspNetCompiler.TargetPath = "PrecompiledWeb\portfolio\"
		Release.AspNetCompiler.Updateable = "true"
		Release.AspNetCompiler.ForceOverwrite = "true"
		Release.AspNetCompiler.FixedNames = "false"
		Release.AspNetCompiler.Debug = "False"
		VWDPort = "49984"
	EndProjectSection
EndProject
Global
	GlobalSection(SolutionConfigurationPlatforms) = preSolution
		Debug|.NET = Debug|.NET
	EndGlobalSection
	GlobalSection(ProjectConfigurationPlatforms) = postSolution
		{27997AA0-EC58-43E9-B5BF-624D5A079753}.Debug|.NET.ActiveCfg = Debug|.NET
		{27997AA0-EC58-43E9-B5BF-624D5A079753}.Debug|.NET.Build.0 = Debug|.NET
	EndGlobalSection
	GlobalSection(SolutionProperties) = preSolution
		HideSolutionNode = FALSE
	EndGlobalSection
EndGlobal
